<?xml version="1.0" encoding="utf-8"?>
<Project ToolsVersion="4.0" xmlns="http://schemas.microsoft.com/developer/msbuild/2003">
  <ItemGroup>
    <Filter Include="Source Files">
      <UniqueIdentifier>{4FC737F1-C7A5-4376-A066-2A32D752A2FF}</UniqueIdentifier>
      <Extensions>cpp;c;cc;cxx;def;odl;idl;hpj;bat;asm;asmx</Extensions>
    </Filter>
    <Filter Include="Header Files">
      <UniqueIdentifier>{93995380-89BD-4b04-88EB-625FBE52EBFB}</UniqueIdentifier>
      <Extensions>h;hh;hpp;hxx;hm;inl;inc;ipp;xsd</Extensions>
    </Filter>
    <Filter Include="Resource Files">
      <UniqueIdentifier>{67DA6AB6-F800-4c08-8B7A-83BB121AAD01}</UniqueIdentifier>
      <Extensions>rc;ico;cur;bmp;dlg;rc2;rct;bin;rgs;gif;jpg;jpeg;jpe;resx;tiff;tif;png;wav;mfcribbon-ms</Extensions>
    </Filter>
  </ItemGroup>
  <ItemGroup>
    <ClInclude Include="pch.h">
      <Filter>Header Files</Filter>
    </ClInclude>
    <ClInclude Include="STXBtreeAggregate.h">
      <Filter>Source Files</Filter>
    </ClInclude>
    <ClInclude Include="LearnIndexAggregate.h">
      <Filter>Source Files</Filter>
    </ClInclude>
    <ClInclude Include="Utils.h">
      <Filter>Source Files</Filter>
    </ClInclude>
    <ClInclude Include="StageModel.h">
      <Filter>Source Files</Filter>
    </ClInclude>
    <ClInclude Include="TestLibs.h">
      <Filter>Source Files</Filter>
    </ClInclude>
    <ClInclude Include="AggregateQuery.h">
      <Filter>Source Files</Filter>
    </ClInclude>
    <ClInclude Include="Hilbert.h">
      <Filter>Source Files</Filter>
    </ClInclude>
    <ClInclude Include="Stx2D.h">
      <Filter>Source Files</Filter>
    </ClInclude>
    <ClInclude Include="BoostRtree.h">
      <Filter>Source Files</Filter>
    </ClInclude>
    <ClInclude Include="StageModel2D.h">
      <Filter>Source Files</Filter>
    </ClInclude>
    <ClInclude Include="StageModelBottomUp.h">
      <Filter>Source Files</Filter>
    </ClInclude>
    <ClInclude Include="StageModel2D_2.h">
      <Filter>Source Files</Filter>
    </ClInclude>
    <ClInclude Include="Atree.h">
      <Filter>Source Files</Filter>
    </ClInclude>
    <ClInclude Include="TestNN.h">
      <Filter>Source Files</Filter>
    </ClInclude>
    <ClInclude Include="Douglas.h">
      <Filter>Source Files</Filter>
    </ClInclude>
    <ClInclude Include="EntropyHist.h">
      <Filter>Source Files</Filter>
    </ClInclude>
    <ClInclude Include="Histogram.h">
      <Filter>Source Files</Filter>
    </ClInclude>
    <ClInclude Include="ROLLearnedIndex_quadratic.h">
      <Filter>Source Files</Filter>
    </ClInclude>
    <ClInclude Include="ROLLearnedIndex_cubic.h">
      <Filter>Source Files</Filter>
    </ClInclude>
    <ClInclude Include="ROLLearnedIndex_quartic.h">
      <Filter>Source Files</Filter>
    </ClInclude>
    <ClInclude Include="ReverseMaxlossOptimal.h">
      <Filter>Source Files</Filter>
    </ClInclude>
    <ClInclude Include="Maxloss2D_QuadDivide.h">
      <Filter>Source Files</Filter>
    </ClInclude>
    <ClInclude Include="RTree.h">
      <Filter>Source Files</Filter>
    </ClInclude>
    <ClInclude Include="Wavlet.h">
      <Filter>Source Files</Filter>
    </ClInclude>
    <ClInclude Include="MethodTesting.h">
      <Filter>Source Files</Filter>
    </ClInclude>
    <ClInclude Include="VLDBFinalExp1.h">
      <Filter>Source Files</Filter>
    </ClInclude>
    <ClInclude Include="VLDBFinalExp2.h">
      <Filter>Source Files</Filter>
    </ClInclude>
    <ClInclude Include="VLDBFinalExp3.h">
      <Filter>Source Files</Filter>
    </ClInclude>
    <ClInclude Include="VLDBFinalExp4.h">
      <Filter>Source Files</Filter>
    </ClInclude>
    <ClInclude Include="VLDBFinalExp5.h">
      <Filter>Source Files</Filter>
    </ClInclude>
    <ClInclude Include="VLDBFinalExp6.h">
      <Filter>Source Files</Filter>
    </ClInclude>
  </ItemGroup>
  <ItemGroup>
    <ClCompile Include="pch.cpp">
      <Filter>Source Files</Filter>
    </ClCompile>
    <ClCompile Include="Main.cpp">
      <Filter>Source Files</Filter>
    </ClCompile>
  </ItemGroup>
</Project>